
Microsoft Visual Studio Solution File, Format Version 12.00
# Visual Studio 15
Project("{FAE04EC0-301F-11D3-BF4B-00C04F79EFBC}") = "Assembly-CSharp", "Assembly-CSharp.csproj", "{4CF9088E-7DA6-D35E-9988-F24494BFE41D}"
EndProject
Project("{FAE04EC0-301F-11D3-BF4B-00C04F79EFBC}") = "Assembly-CSharp-Editor", "Assembly-CSharp-Editor.csproj", "{987E59CA-4B9F-BAFE-3F38-7719D3D049BA}"
EndProject
Global
	GlobalSection(SolutionConfigurationPlatforms) = preSolution
		Debug|Any CPU = Debug|Any CPU
		Release|Any CPU = Release|Any CPU
	EndGlobalSection
	GlobalSection(ProjectConfigurationPlatforms) = postSolution
		{4CF9088E-7DA6-D35E-9988-F24494BFE41D}.Debug|Any CPU.ActiveCfg = Debug|Any CPU
		{4CF9088E-7DA6-D35E-9988-F24494BFE41D}.Debug|Any CPU.Build.0 = Debug|Any CPU
		{4CF9088E-7DA6-D35E-9988-F24494BFE41D}.Release|Any CPU.ActiveCfg = Release|Any CPU
		{4CF9088E-7DA6-D35E-9988-F24494BFE41D}.Release|Any CPU.Build.0 = Release|Any CPU
		{987E59CA-4B9F-BAFE-3F38-7719D3D049BA}.Debug|Any CPU.ActiveCfg = Debug|Any CPU
		{987E59CA-4B9F-BAFE-3F38-7719D3D049BA}.Debug|Any CPU.Build.0 = Debug|Any CPU
		{987E59CA-4B9F-BAFE-3F38-7719D3D049BA}.Release|Any CPU.ActiveCfg = Release|Any CPU
		{987E59CA-4B9F-BAFE-3F38-7719D3D049BA}.Release|Any CPU.Build.0 = Release|Any CPU
	EndGlobalSection
	GlobalSection(SolutionProperties) = preSolution
		HideSolutionNode = FALSE
	EndGlobalSection
EndGlobal
